lockfileVersion: '9.0'

settings:
  autoInstallPeers: true
  excludeLinksFromLockfile: false

importers:

  .:
    dependencies:
      '@bufbuild/buf':
        specifier: ^1.44.0
        version: 1.47.2
      '@bufbuild/protobuf':
        specifier: ^2.2.2
        version: 2.2.2
      ts-proto:
        specifier: ^2.2.2
        version: 2.5.0
      typescript:
        specifier: ^5.7.2
        version: 5.7.2

packages:

  '@bufbuild/buf-darwin-arm64@1.47.2':
    resolution: {integrity: sha512-74WerFn06y+azgVfsnzhfbI5wla/OLPDnIvaNJBWHaqya/3bfascJkDylW2GVNHmwG1K/cscpmcc/RJPaO7ntQ==}
    engines: {node: '>=12'}
    cpu: [arm64]
    os: [darwin]

  '@bufbuild/buf-darwin-x64@1.47.2':
    resolution: {integrity: sha512-adAiOacOQe8Ym/YXPCEiq9mrPeKRmDtF2TgqPWTcDy6mF7TqR7hMJINkEEuMd1EeACmXnzMOnXlm9ICtvdYgPg==}
    engines: {node: '>=12'}
    cpu: [x64]
    os: [darwin]

  '@bufbuild/buf-linux-aarch64@1.47.2':
    resolution: {integrity: sha512-52vY+Owffr5diw2PyfQJqH+Fld6zW6NhNZak4zojvc2MjZKubWM0TfNyM9jXz2YrwyB+cyxkabE60nBI80m37w==}
    engines: {node: '>=12'}
    cpu: [arm64]
    os: [linux]

  '@bufbuild/buf-linux-armv7@1.47.2':
    resolution: {integrity: sha512-g9KtpObDeHZ/VG/0b5ZCieOao7L/WYZ0fPqFSs4N07D3APgEDhJG6vLyUcDgJMDgyLcgkNjNz0+XdYQb/tXyQw==}
    engines: {node: '>=12'}
    cpu: [arm]
    os: [linux]

  '@bufbuild/buf-linux-x64@1.47.2':
    resolution: {integrity: sha512-MODCK2BzD1Mgoyr+5Sp8xA8qMNdytj8hYheyhA5NnCGTkQf8sfqAjpBSAAmKk6Zar8HOlVXML6tzE/ioDFFGwQ==}
    engines: {node: '>=12'}
    cpu: [x64]
    os: [linux]

  '@bufbuild/buf-win32-arm64@1.47.2':
    resolution: {integrity: sha512-563YKYWJl3LrCY3G3+zuhb8HwOs6DzWslwGPFkKV2hwHyWyvd1DR1JjiLvw9zX64IKNctQ0HempSqc3kcboaqQ==}
    engines: {node: '>=12'}
    cpu: [arm64]
    os: [win32]

  '@bufbuild/buf-win32-x64@1.47.2':
    resolution: {integrity: sha512-Sqcdv7La2xBDh3bTdEYb2f4UTMMqCcYe/D0RELhvQ5wDn6I35V3/2YT1OF5fRuf0BZLCo0OdO37S9L47uHSz2g==}
    engines: {node: '>=12'}
    cpu: [x64]
    os: [win32]

  '@bufbuild/buf@1.47.2':
    resolution: {integrity: sha512-glY5kCAoO4+a7HvDb+BLOdoHSdCk4mdXdkp53H8JFz7maOnkxCiHHXgRX+taFyEu25N8ybn7NjZFrZSdRwq2sA==}
    engines: {node: '>=12'}
    hasBin: true

  '@bufbuild/protobuf@2.2.2':
    resolution: {integrity: sha512-UNtPCbrwrenpmrXuRwn9jYpPoweNXj8X5sMvYgsqYyaH8jQ6LfUJSk3dJLnBK+6sfYPrF4iAIo5sd5HQ+tg75A==}

  case-anything@2.1.13:
    resolution: {integrity: sha512-zlOQ80VrQ2Ue+ymH5OuM/DlDq64mEm+B9UTdHULv5osUMD6HalNTblf2b1u/m6QecjsnOkBpqVZ+XPwIVsy7Ng==}
    engines: {node: '>=12.13'}

  detect-libc@1.0.3:
    resolution: {integrity: sha512-pGjwhsmsp4kL2RTz08wcOlGN83otlqHeD/Z5T8GXZB+/YcpQ/dgo+lbU8ZsGxV0HIvqqxo9l7mqYwyYMD9bKDg==}
    engines: {node: '>=0.10'}
    hasBin: true

  dprint-node@1.0.8:
    resolution: {integrity: sha512-iVKnUtYfGrYcW1ZAlfR/F59cUVL8QIhWoBJoSjkkdua/dkWIgjZfiLMeTjiB06X0ZLkQ0M2C1VbUj/CxkIf1zg==}

  ts-poet@6.9.0:
    resolution: {integrity: sha512-roe6W6MeZmCjRmppyfOURklO5tQFQ6Sg7swURKkwYJvV7dbGCrK28um5+51iW3twdPRKtwarqFAVMU6G1mvnuQ==}

  ts-proto-descriptors@2.0.0:
    resolution: {integrity: sha512-wHcTH3xIv11jxgkX5OyCSFfw27agpInAd6yh89hKG6zqIXnjW9SYqSER2CVQxdPj4czeOhGagNvZBEbJPy7qkw==}

  ts-proto@2.5.0:
    resolution: {integrity: sha512-QI+rFgj4Th3njPZ8a3HM56kH7S2ZU/ph8MeH8JC3ouhhVe5hVXEG0nAyeHXaOE+gi/8YwCGDORIyNAzdb7Pr4g==}
    hasBin: true

  typescript@5.7.2:
    resolution: {integrity: sha512-i5t66RHxDvVN40HfDd1PsEThGNnlMCMT3jMUuoh9/0TaqWevNontacunWyN02LA9/fIbEWlcHZcgTKb9QoaLfg==}
    engines: {node: '>=14.17'}
    hasBin: true

snapshots:

  '@bufbuild/buf-darwin-arm64@1.47.2':
    optional: true

  '@bufbuild/buf-darwin-x64@1.47.2':
    optional: true

  '@bufbuild/buf-linux-aarch64@1.47.2':
    optional: true

  '@bufbuild/buf-linux-armv7@1.47.2':
    optional: true

  '@bufbuild/buf-linux-x64@1.47.2':
    optional: true

  '@bufbuild/buf-win32-arm64@1.47.2':
    optional: true

  '@bufbuild/buf-win32-x64@1.47.2':
    optional: true

  '@bufbuild/buf@1.47.2':
    optionalDependencies:
      '@bufbuild/buf-darwin-arm64': 1.47.2
      '@bufbuild/buf-darwin-x64': 1.47.2
      '@bufbuild/buf-linux-aarch64': 1.47.2
      '@bufbuild/buf-linux-armv7': 1.47.2
      '@bufbuild/buf-linux-x64': 1.47.2
      '@bufbuild/buf-win32-arm64': 1.47.2
      '@bufbuild/buf-win32-x64': 1.47.2

  '@bufbuild/protobuf@2.2.2': {}

  case-anything@2.1.13: {}

  detect-libc@1.0.3: {}

  dprint-node@1.0.8:
    dependencies:
      detect-libc: 1.0.3

  ts-poet@6.9.0:
    dependencies:
      dprint-node: 1.0.8

  ts-proto-descriptors@2.0.0:
    dependencies:
      '@bufbuild/protobuf': 2.2.2

  ts-proto@2.5.0:
    dependencies:
      '@bufbuild/protobuf': 2.2.2
      case-anything: 2.1.13
      ts-poet: 6.9.0
      ts-proto-descriptors: 2.0.0

  typescript@5.7.2: {}
